
Microsoft Visual Studio Solution File, Format Version 12.00
# Visual Studio Version 17
VisualStudioVersion = 17.9.34607.119
MinimumVisualStudioVersion = 10.0.40219.1
Project("{9A19103F-16F7-4668-BE54-9A1E7A4F7556}") = "VitaminStoreBot", "VitaminStoreBot\VitaminStoreBot.csproj", "{1D85CEB0-90D6-4F14-8B2D-D79FB25BB60B}"
EndProject
Global
	GlobalSection(SolutionConfigurationPlatforms) = preSolution
		Debug|Any CPU = Debug|Any CPU
		Release|Any CPU = Release|Any CPU
	EndGlobalSection
	GlobalSection(ProjectConfigurationPlatforms) = postSolution
		{1D85CEB0-90D6-4F14-8B2D-D79FB25BB60B}.Debug|Any CPU.ActiveCfg = Debug|Any CPU
		{1D85CEB0-90D6-4F14-8B2D-D79FB25BB60B}.Debug|Any CPU.Build.0 = Debug|Any CPU
		{1D85CEB0-90D6-4F14-8B2D-D79FB25BB60B}.Release|Any CPU.ActiveCfg = Release|Any CPU
		{1D85CEB0-90D6-4F14-8B2D-D79FB25BB60B}.Release|Any CPU.Build.0 = Release|Any CPU
	EndGlobalSection
	GlobalSection(SolutionProperties) = preSolution
		HideSolutionNode = FALSE
	EndGlobalSection
	GlobalSection(ExtensibilityGlobals) = postSolution
		SolutionGuid = {89D008E4-2B51-4E69-9E0E-3641D64CE902}
	EndGlobalSection
EndGlobal
